// !$*UTF8*$!
{
	archiveVersion = 1;
	classes = {
	};
	objectVersion = 45;
	objects = {

/* Begin PBXBuildFile section */
		8DD76F650486A84900D96B5E /* main.cpp in Sources */ = {isa = PBXBuildFile; fileRef = 08FB7796FE84155DC02AAC07 /* main.cpp */; settings = {ATTRIBUTES = (); }; };
		8DD76F6A0486A84900D96B5E /* FinalProject.1 in CopyFiles */ = {isa = PBXBuildFile; fileRef = C6859E8B029090EE04C91782 /* FinalProject.1 */; };
		E07BBFB810C9E77700176136 /* Terrain.cpp in Sources */ = {isa = PBXBuildFile; fileRef = E07BBFB710C9E77700176136 /* Terrain.cpp */; };
		E07BC7BD10CBB9B800176136 /* ParticleTerrain.cpp in Sources */ = {isa = PBXBuildFile; fileRef = E07BC7BC10CBB9B800176136 /* ParticleTerrain.cpp */; };
		E09B04FB10D12FEA001CBC9D /* Moon.cpp in Sources */ = {isa = PBXBuildFile; fileRef = E09B04F910D12FEA001CBC9D /* Moon.cpp */; };
		E09BF44610CF7CD5001CBC9D /* Camera.cpp in Sources */ = {isa = PBXBuildFile; fileRef = E09BF44210CF7CD5001CBC9D /* Camera.cpp */; };
		E09BF44710CF7CD5001CBC9D /* Frustum.cpp in Sources */ = {isa = PBXBuildFile; fileRef = E09BF44410CF7CD5001CBC9D /* Frustum.cpp */; };
		E09BFA9B10D083F5001CBC9D /* Universe.cpp in Sources */ = {isa = PBXBuildFile; fileRef = E09BFA9A10D083F5001CBC9D /* Universe.cpp */; };
		E0B882AE10C6E806002B1666 /* GLUT.framework in Frameworks */ = {isa = PBXBuildFile; fileRef = E0B882AD10C6E806002B1666 /* GLUT.framework */; };
		E0B882B010C6E806002B1666 /* OpenGL.framework in Frameworks */ = {isa = PBXBuildFile; fileRef = E0B882AF10C6E806002B1666 /* OpenGL.framework */; };
		E0B882D210C6E851002B1666 /* BasicMath.cpp in Sources */ = {isa = PBXBuildFile; fileRef = E0B882C410C6E851002B1666 /* BasicMath.cpp */; };
		E0B882D310C6E851002B1666 /* bezier.cpp in Sources */ = {isa = PBXBuildFile; fileRef = E0B882C510C6E851002B1666 /* bezier.cpp */; };
		E0B882D510C6E851002B1666 /* BoundingSphere.cpp in Sources */ = {isa = PBXBuildFile; fileRef = E0B882C710C6E851002B1666 /* BoundingSphere.cpp */; };
		E0B882D610C6E851002B1666 /* Matrix4.cpp in Sources */ = {isa = PBXBuildFile; fileRef = E0B882C810C6E851002B1666 /* Matrix4.cpp */; };
		E0B882D710C6E851002B1666 /* Model3D.cpp in Sources */ = {isa = PBXBuildFile; fileRef = E0B882C910C6E851002B1666 /* Model3D.cpp */; };
		E0B882D810C6E851002B1666 /* Object3D.cpp in Sources */ = {isa = PBXBuildFile; fileRef = E0B882CA10C6E851002B1666 /* Object3D.cpp */; };
		E0B882D910C6E851002B1666 /* Plane.cpp in Sources */ = {isa = PBXBuildFile; fileRef = E0B882CB10C6E851002B1666 /* Plane.cpp */; };
		E0B882DA10C6E851002B1666 /* ppmLoader.cpp in Sources */ = {isa = PBXBuildFile; fileRef = E0B882CC10C6E851002B1666 /* ppmLoader.cpp */; };
		E0B882DB10C6E851002B1666 /* SceneGraph.cpp in Sources */ = {isa = PBXBuildFile; fileRef = E0B882CD10C6E851002B1666 /* SceneGraph.cpp */; };
		E0B882DC10C6E851002B1666 /* shader.cpp in Sources */ = {isa = PBXBuildFile; fileRef = E0B882CE10C6E851002B1666 /* shader.cpp */; };
		E0B882DD10C6E851002B1666 /* trackball.cpp in Sources */ = {isa = PBXBuildFile; fileRef = E0B882CF10C6E851002B1666 /* trackball.cpp */; };
		E0B882DE10C6E851002B1666 /* Vector3.cpp in Sources */ = {isa = PBXBuildFile; fileRef = E0B882D010C6E851002B1666 /* Vector3.cpp */; };
		E0B882DF10C6E851002B1666 /* Vector4.cpp in Sources */ = {isa = PBXBuildFile; fileRef = E0B882D110C6E851002B1666 /* Vector4.cpp */; };
		E0B882FE10C6E8F4002B1666 /* objreader.cpp in Sources */ = {isa = PBXBuildFile; fileRef = E0B882FC10C6E8F4002B1666 /* objreader.cpp */; };
		E0E8A0C310CC8C50008A767B /* Tree.cpp in Sources */ = {isa = PBXBuildFile; fileRef = E0E8A0C210CC8C50008A767B /* Tree.cpp */; };
		E0E8A11710CCA5BF008A767B /* Planet.cpp in Sources */ = {isa = PBXBuildFile; fileRef = E0E8A11510CCA5BF008A767B /* Planet.cpp */; };
		E0E8A2BC10CD8EC9008A767B /* Transforms.cpp in Sources */ = {isa = PBXBuildFile; fileRef = E0E8A2BB10CD8EC9008A767B /* Transforms.cpp */; };
/* End PBXBuildFile section */

/* Begin PBXCopyFilesBuildPhase section */
		8DD76F690486A84900D96B5E /* CopyFiles */ = {
			isa = PBXCopyFilesBuildPhase;
			buildActionMask = 8;
			dstPath = /usr/share/man/man1/;
			dstSubfolderSpec = 0;
			files = (
				8DD76F6A0486A84900D96B5E /* FinalProject.1 in CopyFiles */,
			);
			runOnlyForDeploymentPostprocessing = 1;
		};
/* End PBXCopyFilesBuildPhase section */

/* Begin PBXFileReference section */
		08FB7796FE84155DC02AAC07 /* main.cpp */ = {isa = PBXFileReference; fileEncoding = 4; lastKnownFileType = sourcecode.cpp.cpp; path = main.cpp; sourceTree = "<group>"; };
		8DD76F6C0486A84900D96B5E /* FinalProject */ = {isa = PBXFileReference; explicitFileType = "compiled.mach-o.executable"; includeInIndex = 0; path = FinalProject; sourceTree = BUILT_PRODUCTS_DIR; };
		C6859E8B029090EE04C91782 /* FinalProject.1 */ = {isa = PBXFileReference; lastKnownFileType = text.man; path = FinalProject.1; sourceTree = "<group>"; };
		E07BBFB610C9E77700176136 /* Terrain.h */ = {isa = PBXFileReference; fileEncoding = 4; lastKnownFileType = sourcecode.c.h; path = Terrain.h; sourceTree = "<group>"; };
		E07BBFB710C9E77700176136 /* Terrain.cpp */ = {isa = PBXFileReference; fileEncoding = 4; lastKnownFileType = sourcecode.cpp.cpp; path = Terrain.cpp; sourceTree = "<group>"; };
		E07BC7BB10CBB9B800176136 /* ParticleTerrain.h */ = {isa = PBXFileReference; fileEncoding = 4; lastKnownFileType = sourcecode.c.h; path = ParticleTerrain.h; sourceTree = "<group>"; };
		E07BC7BC10CBB9B800176136 /* ParticleTerrain.cpp */ = {isa = PBXFileReference; fileEncoding = 4; lastKnownFileType = sourcecode.cpp.cpp; path = ParticleTerrain.cpp; sourceTree = "<group>"; };
		E09B02D710D112D1001CBC9D /* toon.frag */ = {isa = PBXFileReference; fileEncoding = 4; lastKnownFileType = sourcecode.glsl; path = toon.frag; sourceTree = "<group>"; };
		E09B02D810D112D1001CBC9D /* toon.vert */ = {isa = PBXFileReference; fileEncoding = 4; lastKnownFileType = sourcecode.glsl; path = toon.vert; sourceTree = "<group>"; };
		E09B04F910D12FEA001CBC9D /* Moon.cpp */ = {isa = PBXFileReference; fileEncoding = 4; lastKnownFileType = sourcecode.cpp.cpp; path = Moon.cpp; sourceTree = "<group>"; };
		E09B04FA10D12FEA001CBC9D /* Moon.h */ = {isa = PBXFileReference; fileEncoding = 4; lastKnownFileType = sourcecode.c.h; path = Moon.h; sourceTree = "<group>"; };
		E09BF44210CF7CD5001CBC9D /* Camera.cpp */ = {isa = PBXFileReference; fileEncoding = 4; lastKnownFileType = sourcecode.cpp.cpp; path = Camera.cpp; sourceTree = "<group>"; };
		E09BF44310CF7CD5001CBC9D /* Camera.h */ = {isa = PBXFileReference; fileEncoding = 4; lastKnownFileType = sourcecode.c.h; path = Camera.h; sourceTree = "<group>"; };
		E09BF44410CF7CD5001CBC9D /* Frustum.cpp */ = {isa = PBXFileReference; fileEncoding = 4; lastKnownFileType = sourcecode.cpp.cpp; path = Frustum.cpp; sourceTree = "<group>"; };
		E09BF44510CF7CD5001CBC9D /* Frustum.h */ = {isa = PBXFileReference; fileEncoding = 4; lastKnownFileType = sourcecode.c.h; path = Frustum.h; sourceTree = "<group>"; };
		E09BF94810D0748E001CBC9D /* bump_map.frag */ = {isa = PBXFileReference; fileEncoding = 4; lastKnownFileType = sourcecode.glsl; path = bump_map.frag; sourceTree = "<group>"; };
		E09BF94A10D07495001CBC9D /* bump_map.vert */ = {isa = PBXFileReference; fileEncoding = 4; lastKnownFileType = sourcecode.glsl; path = bump_map.vert; sourceTree = "<group>"; };
		E09BFA9910D083F5001CBC9D /* Universe.h */ = {isa = PBXFileReference; fileEncoding = 4; lastKnownFileType = sourcecode.c.h; path = Universe.h; sourceTree = "<group>"; };
		E09BFA9A10D083F5001CBC9D /* Universe.cpp */ = {isa = PBXFileReference; fileEncoding = 4; lastKnownFileType = sourcecode.cpp.cpp; path = Universe.cpp; sourceTree = "<group>"; };
		E0B882AD10C6E806002B1666 /* GLUT.framework */ = {isa = PBXFileReference; lastKnownFileType = wrapper.framework; name = GLUT.framework; path = /System/Library/Frameworks/GLUT.framework; sourceTree = "<absolute>"; };
		E0B882AF10C6E806002B1666 /* OpenGL.framework */ = {isa = PBXFileReference; lastKnownFileType = wrapper.framework; name = OpenGL.framework; path = /System/Library/Frameworks/OpenGL.framework; sourceTree = "<absolute>"; };
		E0B882B610C6E837002B1666 /* BasicMath.h */ = {isa = PBXFileReference; fileEncoding = 4; lastKnownFileType = sourcecode.c.h; path = BasicMath.h; sourceTree = "<group>"; };
		E0B882B710C6E837002B1666 /* bezier.h */ = {isa = PBXFileReference; fileEncoding = 4; lastKnownFileType = sourcecode.c.h; path = bezier.h; sourceTree = "<group>"; };
		E0B882B910C6E837002B1666 /* BoundingSphere.h */ = {isa = PBXFileReference; fileEncoding = 4; lastKnownFileType = sourcecode.c.h; path = BoundingSphere.h; sourceTree = "<group>"; };
		E0B882BA10C6E837002B1666 /* Matrix4.h */ = {isa = PBXFileReference; fileEncoding = 4; lastKnownFileType = sourcecode.c.h; path = Matrix4.h; sourceTree = "<group>"; };
		E0B882BB10C6E837002B1666 /* Model3D.h */ = {isa = PBXFileReference; fileEncoding = 4; lastKnownFileType = sourcecode.c.h; path = Model3D.h; sourceTree = "<group>"; };
		E0B882BC10C6E837002B1666 /* Object3D.h */ = {isa = PBXFileReference; fileEncoding = 4; lastKnownFileType = sourcecode.c.h; path = Object3D.h; sourceTree = "<group>"; };
		E0B882BD10C6E837002B1666 /* Plane.h */ = {isa = PBXFileReference; fileEncoding = 4; lastKnownFileType = sourcecode.c.h; path = Plane.h; sourceTree = "<group>"; };
		E0B882BE10C6E837002B1666 /* ppmLoader.h */ = {isa = PBXFileReference; fileEncoding = 4; lastKnownFileType = sourcecode.c.h; path = ppmLoader.h; sourceTree = "<group>"; };
		E0B882BF10C6E837002B1666 /* SceneGraph.h */ = {isa = PBXFileReference; fileEncoding = 4; lastKnownFileType = sourcecode.c.h; path = SceneGraph.h; sourceTree = "<group>"; };
		E0B882C010C6E837002B1666 /* shader.h */ = {isa = PBXFileReference; fileEncoding = 4; lastKnownFileType = sourcecode.c.h; path = shader.h; sourceTree = "<group>"; };
		E0B882C110C6E837002B1666 /* trackball.h */ = {isa = PBXFileReference; fileEncoding = 4; lastKnownFileType = sourcecode.c.h; path = trackball.h; sourceTree = "<group>"; };
		E0B882C210C6E837002B1666 /* Vector3.h */ = {isa = PBXFileReference; fileEncoding = 4; lastKnownFileType = sourcecode.c.h; path = Vector3.h; sourceTree = "<group>"; };
		E0B882C310C6E837002B1666 /* Vector4.h */ = {isa = PBXFileReference; fileEncoding = 4; lastKnownFileType = sourcecode.c.h; path = Vector4.h; sourceTree = "<group>"; };
		E0B882C410C6E851002B1666 /* BasicMath.cpp */ = {isa = PBXFileReference; fileEncoding = 4; lastKnownFileType = sourcecode.cpp.cpp; path = BasicMath.cpp; sourceTree = "<group>"; };
		E0B882C510C6E851002B1666 /* bezier.cpp */ = {isa = PBXFileReference; fileEncoding = 4; lastKnownFileType = sourcecode.cpp.cpp; path = bezier.cpp; sourceTree = "<group>"; };
		E0B882C610C6E851002B1666 /* BezierObject.cpp */ = {isa = PBXFileReference; fileEncoding = 4; lastKnownFileType = sourcecode.cpp.cpp; path = BezierObject.cpp; sourceTree = "<group>"; };
		E0B882C710C6E851002B1666 /* BoundingSphere.cpp */ = {isa = PBXFileReference; fileEncoding = 4; lastKnownFileType = sourcecode.cpp.cpp; path = BoundingSphere.cpp; sourceTree = "<group>"; };
		E0B882C810C6E851002B1666 /* Matrix4.cpp */ = {isa = PBXFileReference; fileEncoding = 4; lastKnownFileType = sourcecode.cpp.cpp; path = Matrix4.cpp; sourceTree = "<group>"; };
		E0B882C910C6E851002B1666 /* Model3D.cpp */ = {isa = PBXFileReference; fileEncoding = 4; lastKnownFileType = sourcecode.cpp.cpp; path = Model3D.cpp; sourceTree = "<group>"; };
		E0B882CA10C6E851002B1666 /* Object3D.cpp */ = {isa = PBXFileReference; fileEncoding = 4; lastKnownFileType = sourcecode.cpp.cpp; path = Object3D.cpp; sourceTree = "<group>"; };
		E0B882CB10C6E851002B1666 /* Plane.cpp */ = {isa = PBXFileReference; fileEncoding = 4; lastKnownFileType = sourcecode.cpp.cpp; path = Plane.cpp; sourceTree = "<group>"; };
		E0B882CC10C6E851002B1666 /* ppmLoader.cpp */ = {isa = PBXFileReference; fileEncoding = 4; lastKnownFileType = sourcecode.cpp.cpp; path = ppmLoader.cpp; sourceTree = "<group>"; };
		E0B882CD10C6E851002B1666 /* SceneGraph.cpp */ = {isa = PBXFileReference; fileEncoding = 4; lastKnownFileType = sourcecode.cpp.cpp; path = SceneGraph.cpp; sourceTree = "<group>"; };
		E0B882CE10C6E851002B1666 /* shader.cpp */ = {isa = PBXFileReference; fileEncoding = 4; lastKnownFileType = sourcecode.cpp.cpp; path = shader.cpp; sourceTree = "<group>"; };
		E0B882CF10C6E851002B1666 /* trackball.cpp */ = {isa = PBXFileReference; fileEncoding = 4; lastKnownFileType = sourcecode.cpp.cpp; path = trackball.cpp; sourceTree = "<group>"; };
		E0B882D010C6E851002B1666 /* Vector3.cpp */ = {isa = PBXFileReference; fileEncoding = 4; lastKnownFileType = sourcecode.cpp.cpp; path = Vector3.cpp; sourceTree = "<group>"; };
		E0B882D110C6E851002B1666 /* Vector4.cpp */ = {isa = PBXFileReference; fileEncoding = 4; lastKnownFileType = sourcecode.cpp.cpp; path = Vector4.cpp; sourceTree = "<group>"; };
		E0B882E010C6E863002B1666 /* phong_spotlight.frag */ = {isa = PBXFileReference; fileEncoding = 4; lastKnownFileType = sourcecode.glsl; path = phong_spotlight.frag; sourceTree = "<group>"; };
		E0B882E110C6E863002B1666 /* phong_spotlight.vert */ = {isa = PBXFileReference; fileEncoding = 4; lastKnownFileType = sourcecode.glsl; path = phong_spotlight.vert; sourceTree = "<group>"; };
		E0B882FC10C6E8F4002B1666 /* objreader.cpp */ = {isa = PBXFileReference; fileEncoding = 4; lastKnownFileType = sourcecode.cpp.cpp; path = objreader.cpp; sourceTree = "<group>"; };
		E0B882FD10C6E8F4002B1666 /* objreader.h */ = {isa = PBXFileReference; fileEncoding = 4; lastKnownFileType = sourcecode.c.h; path = objreader.h; sourceTree = "<group>"; };
		E0E8A0C110CC8C4F008A767B /* Tree.h */ = {isa = PBXFileReference; fileEncoding = 4; lastKnownFileType = sourcecode.c.h; path = Tree.h; sourceTree = "<group>"; };
		E0E8A0C210CC8C50008A767B /* Tree.cpp */ = {isa = PBXFileReference; fileEncoding = 4; lastKnownFileType = sourcecode.cpp.cpp; path = Tree.cpp; sourceTree = "<group>"; };
		E0E8A11510CCA5BF008A767B /* Planet.cpp */ = {isa = PBXFileReference; fileEncoding = 4; lastKnownFileType = sourcecode.cpp.cpp; path = Planet.cpp; sourceTree = "<group>"; };
		E0E8A11610CCA5BF008A767B /* Planet.h */ = {isa = PBXFileReference; fileEncoding = 4; lastKnownFileType = sourcecode.c.h; path = Planet.h; sourceTree = "<group>"; };
		E0E8A2BA10CD8EC9008A767B /* Transforms.h */ = {isa = PBXFileReference; fileEncoding = 4; lastKnownFileType = sourcecode.c.h; path = Transforms.h; sourceTree = "<group>"; };
		E0E8A2BB10CD8EC9008A767B /* Transforms.cpp */ = {isa = PBXFileReference; fileEncoding = 4; lastKnownFileType = sourcecode.cpp.cpp; path = Transforms.cpp; sourceTree = "<group>"; };
/* End PBXFileReference section */

/* Begin PBXFrameworksBuildPhase section */
		8DD76F660486A84900D96B5E /* Frameworks */ = {
			isa = PBXFrameworksBuildPhase;
			buildActionMask = 2147483647;
			files = (
				E0B882AE10C6E806002B1666 /* GLUT.framework in Frameworks */,
				E0B882B010C6E806002B1666 /* OpenGL.framework in Frameworks */,
			);
			runOnlyForDeploymentPostprocessing = 0;
		};
/* End PBXFrameworksBuildPhase section */

/* Begin PBXGroup section */
		08FB7794FE84155DC02AAC07 /* FinalProject */ = {
			isa = PBXGroup;
			children = (
				E09BF94710D07479001CBC9D /* Shaders */,
				E0E8A0C010CC8C38008A767B /* Procedural */,
				E0B882B510C6E812002B1666 /* Header */,
				08FB7795FE84155DC02AAC07 /* Source */,
				C6859E8C029090F304C91782 /* Documentation */,
				1AB674ADFE9D54B511CA2CBB /* Products */,
				E0B882AD10C6E806002B1666 /* GLUT.framework */,
				E0B882AF10C6E806002B1666 /* OpenGL.framework */,
			);
			name = FinalProject;
			sourceTree = "<group>";
		};
		08FB7795FE84155DC02AAC07 /* Source */ = {
			isa = PBXGroup;
			children = (
				E09BF44210CF7CD5001CBC9D /* Camera.cpp */,
				E09BF44410CF7CD5001CBC9D /* Frustum.cpp */,
				E0E8A2BB10CD8EC9008A767B /* Transforms.cpp */,
				E0B882FC10C6E8F4002B1666 /* objreader.cpp */,
				E0B882C410C6E851002B1666 /* BasicMath.cpp */,
				E0B882C510C6E851002B1666 /* bezier.cpp */,
				E0B882C610C6E851002B1666 /* BezierObject.cpp */,
				E0B882C710C6E851002B1666 /* BoundingSphere.cpp */,
				E0B882C810C6E851002B1666 /* Matrix4.cpp */,
				E0B882C910C6E851002B1666 /* Model3D.cpp */,
				E0B882CA10C6E851002B1666 /* Object3D.cpp */,
				E0B882CB10C6E851002B1666 /* Plane.cpp */,
				E0B882CC10C6E851002B1666 /* ppmLoader.cpp */,
				E0B882CD10C6E851002B1666 /* SceneGraph.cpp */,
				E0B882CE10C6E851002B1666 /* shader.cpp */,
				E0B882CF10C6E851002B1666 /* trackball.cpp */,
				E0B882D010C6E851002B1666 /* Vector3.cpp */,
				E0B882D110C6E851002B1666 /* Vector4.cpp */,
				08FB7796FE84155DC02AAC07 /* main.cpp */,
			);
			name = Source;
			sourceTree = "<group>";
		};
		1AB674ADFE9D54B511CA2CBB /* Products */ = {
			isa = PBXGroup;
			children = (
				8DD76F6C0486A84900D96B5E /* FinalProject */,
			);
			name = Products;
			sourceTree = "<group>";
		};
		C6859E8C029090F304C91782 /* Documentation */ = {
			isa = PBXGroup;
			children = (
				C6859E8B029090EE04C91782 /* FinalProject.1 */,
			);
			name = Documentation;
			sourceTree = "<group>";
		};
		E09BF94710D07479001CBC9D /* Shaders */ = {
			isa = PBXGroup;
			children = (
				E09B02D710D112D1001CBC9D /* toon.frag */,
				E09B02D810D112D1001CBC9D /* toon.vert */,
				E0B882E010C6E863002B1666 /* phong_spotlight.frag */,
				E0B882E110C6E863002B1666 /* phong_spotlight.vert */,
				E09BF94810D0748E001CBC9D /* bump_map.frag */,
				E09BF94A10D07495001CBC9D /* bump_map.vert */,
			);
			name = Shaders;
			sourceTree = "<group>";
		};
		E0B882B510C6E812002B1666 /* Header */ = {
			isa = PBXGroup;
			children = (
				E09BF44310CF7CD5001CBC9D /* Camera.h */,
				E09BF44510CF7CD5001CBC9D /* Frustum.h */,
				E0B882FD10C6E8F4002B1666 /* objreader.h */,
				E0B882B610C6E837002B1666 /* BasicMath.h */,
				E0B882B710C6E837002B1666 /* bezier.h */,
				E0B882B910C6E837002B1666 /* BoundingSphere.h */,
				E0B882BA10C6E837002B1666 /* Matrix4.h */,
				E0B882BB10C6E837002B1666 /* Model3D.h */,
				E0B882BC10C6E837002B1666 /* Object3D.h */,
				E0B882BD10C6E837002B1666 /* Plane.h */,
				E0B882BE10C6E837002B1666 /* ppmLoader.h */,
				E0B882BF10C6E837002B1666 /* SceneGraph.h */,
				E0B882C010C6E837002B1666 /* shader.h */,
				E0B882C110C6E837002B1666 /* trackball.h */,
				E0B882C210C6E837002B1666 /* Vector3.h */,
				E0B882C310C6E837002B1666 /* Vector4.h */,
				E0E8A2BA10CD8EC9008A767B /* Transforms.h */,
			);
			name = Header;
			sourceTree = "<group>";
		};
		E0E8A0C010CC8C38008A767B /* Procedural */ = {
			isa = PBXGroup;
			children = (
				E09B04F910D12FEA001CBC9D /* Moon.cpp */,
				E09B04FA10D12FEA001CBC9D /* Moon.h */,
				E0E8A11610CCA5BF008A767B /* Planet.h */,
				E0E8A11510CCA5BF008A767B /* Planet.cpp */,
				E07BBFB610C9E77700176136 /* Terrain.h */,
				E07BBFB710C9E77700176136 /* Terrain.cpp */,
				E07BC7BB10CBB9B800176136 /* ParticleTerrain.h */,
				E07BC7BC10CBB9B800176136 /* ParticleTerrain.cpp */,
				E0E8A0C110CC8C4F008A767B /* Tree.h */,
				E0E8A0C210CC8C50008A767B /* Tree.cpp */,
				E09BFA9910D083F5001CBC9D /* Universe.h */,
				E09BFA9A10D083F5001CBC9D /* Universe.cpp */,
			);
			name = Procedural;
			sourceTree = "<group>";
		};
/* End PBXGroup section */

/* Begin PBXNativeTarget section */
		8DD76F620486A84900D96B5E /* FinalProject */ = {
			isa = PBXNativeTarget;
			buildConfigurationList = 1DEB923108733DC60010E9CD /* Build configuration list for PBXNativeTarget "FinalProject" */;
			buildPhases = (
				8DD76F640486A84900D96B5E /* Sources */,
				8DD76F660486A84900D96B5E /* Frameworks */,
				8DD76F690486A84900D96B5E /* CopyFiles */,
			);
			buildRules = (
			);
			dependencies = (
			);
			name = FinalProject;
			productInstallPath = "$(HOME)/bin";
			productName = FinalProject;
			productReference = 8DD76F6C0486A84900D96B5E /* FinalProject */;
			productType = "com.apple.product-type.tool";
		};
/* End PBXNativeTarget section */

/* Begin PBXProject section */
		08FB7793FE84155DC02AAC07 /* Project object */ = {
			isa = PBXProject;
			buildConfigurationList = 1DEB923508733DC60010E9CD /* Build configuration list for PBXProject "FinalProject" */;
			compatibilityVersion = "Xcode 3.1";
			hasScannedForEncodings = 1;
			mainGroup = 08FB7794FE84155DC02AAC07 /* FinalProject */;
			projectDirPath = "";
			projectRoot = "";
			targets = (
				8DD76F620486A84900D96B5E /* FinalProject */,
			);
		};
/* End PBXProject section */

/* Begin PBXSourcesBuildPhase section */
		8DD76F640486A84900D96B5E /* Sources */ = {
			isa = PBXSourcesBuildPhase;
			buildActionMask = 2147483647;
			files = (
				8DD76F650486A84900D96B5E /* main.cpp in Sources */,
				E0B882D210C6E851002B1666 /* BasicMath.cpp in Sources */,
				E0B882D310C6E851002B1666 /* bezier.cpp in Sources */,
				E0B882D510C6E851002B1666 /* BoundingSphere.cpp in Sources */,
				E0B882D610C6E851002B1666 /* Matrix4.cpp in Sources */,
				E0B882D710C6E851002B1666 /* Model3D.cpp in Sources */,
				E0B882D810C6E851002B1666 /* Object3D.cpp in Sources */,
				E0B882D910C6E851002B1666 /* Plane.cpp in Sources */,
				E0B882DA10C6E851002B1666 /* ppmLoader.cpp in Sources */,
				E0B882DB10C6E851002B1666 /* SceneGraph.cpp in Sources */,
				E0B882DC10C6E851002B1666 /* shader.cpp in Sources */,
				E0B882DD10C6E851002B1666 /* trackball.cpp in Sources */,
				E0B882DE10C6E851002B1666 /* Vector3.cpp in Sources */,
				E0B882DF10C6E851002B1666 /* Vector4.cpp in Sources */,
				E0B882FE10C6E8F4002B1666 /* objreader.cpp in Sources */,
				E07BBFB810C9E77700176136 /* Terrain.cpp in Sources */,
				E07BC7BD10CBB9B800176136 /* ParticleTerrain.cpp in Sources */,
				E0E8A0C310CC8C50008A767B /* Tree.cpp in Sources */,
				E0E8A11710CCA5BF008A767B /* Planet.cpp in Sources */,
				E0E8A2BC10CD8EC9008A767B /* Transforms.cpp in Sources */,
				E09BF44610CF7CD5001CBC9D /* Camera.cpp in Sources */,
				E09BF44710CF7CD5001CBC9D /* Frustum.cpp in Sources */,
				E09BFA9B10D083F5001CBC9D /* Universe.cpp in Sources */,
				E09B04FB10D12FEA001CBC9D /* Moon.cpp in Sources */,
			);
			runOnlyForDeploymentPostprocessing = 0;
		};
/* End PBXSourcesBuildPhase section */

/* Begin XCBuildConfiguration section */
		1DEB923208733DC60010E9CD /* Debug */ = {
			isa = XCBuildConfiguration;
			buildSettings = {
				ALWAYS_SEARCH_USER_PATHS = NO;
				COPY_PHASE_STRIP = NO;
				GCC_DYNAMIC_NO_PIC = NO;
				GCC_ENABLE_FIX_AND_CONTINUE = YES;
				GCC_MODEL_TUNING = G5;
				GCC_OPTIMIZATION_LEVEL = 0;
				GCC_PREPROCESSOR_DEFINITIONS = (
					"_GLIBCXX_DEBUG=1",
					"_GLIBCXX_DEBUG_PEDANTIC=1",
				);
				INSTALL_PATH = /usr/local/bin;
				PRODUCT_NAME = FinalProject;
			};
			name = Debug;
		};
		1DEB923308733DC60010E9CD /* Release */ = {
			isa = XCBuildConfiguration;
			buildSettings = {
				ALWAYS_SEARCH_USER_PATHS = NO;
				DEBUG_INFORMATION_FORMAT = "dwarf-with-dsym";
				GCC_MODEL_TUNING = G5;
				INSTALL_PATH = /usr/local/bin;
				PRODUCT_NAME = FinalProject;
			};
			name = Release;
		};
		1DEB923608733DC60010E9CD /* Debug */ = {
			isa = XCBuildConfiguration;
			buildSettings = {
				ARCHS = "$(ARCHS_STANDARD_32_64_BIT)";
				GCC_C_LANGUAGE_STANDARD = gnu99;
				GCC_OPTIMIZATION_LEVEL = 0;
				GCC_WARN_ABOUT_RETURN_TYPE = YES;
				GCC_WARN_UNUSED_VARIABLE = YES;
				ONLY_ACTIVE_ARCH = YES;
				PREBINDING = NO;
				SDKROOT = macosx10.6;
			};
			name = Debug;
		};
		1DEB923708733DC60010E9CD /* Release */ = {
			isa = XCBuildConfiguration;
			buildSettings = {
				ARCHS = "$(ARCHS_STANDARD_32_64_BIT)";
				GCC_C_LANGUAGE_STANDARD = gnu99;
				GCC_WARN_ABOUT_RETURN_TYPE = YES;
				GCC_WARN_UNUSED_VARIABLE = YES;
				PREBINDING = NO;
				SDKROOT = macosx10.6;
			};
			name = Release;
		};
/* End XCBuildConfiguration section */

/* Begin XCConfigurationList section */
		1DEB923108733DC60010E9CD /* Build configuration list for PBXNativeTarget "FinalProject" */ = {
			isa = XCConfigurationList;
			buildConfigurations = (
				1DEB923208733DC60010E9CD /* Debug */,
				1DEB923308733DC60010E9CD /* Release */,
			);
			defaultConfigurationIsVisible = 0;
			defaultConfigurationName = Release;
		};
		1DEB923508733DC60010E9CD /* Build configuration list for PBXProject "FinalProject" */ = {
			isa = XCConfigurationList;
			buildConfigurations = (
				1DEB923608733DC60010E9CD /* Debug */,
				1DEB923708733DC60010E9CD /* Release */,
			);
			defaultConfigurationIsVisible = 0;
			defaultConfigurationName = Release;
		};
/* End XCConfigurationList section */
	};
	rootObject = 08FB7793FE84155DC02AAC07 /* Project object */;
}
